
Microsoft Visual Studio Solution File, Format Version 12.00
# Visual Studio Version 16
VisualStudioVersion = 16.0.31205.134
MinimumVisualStudioVersion = 10.0.40219.1
Project("{FAE04EC0-301F-11D3-BF4B-00C04F79EFBC}") = "ForSavvaWinForms", "ForSavvaWinForms\ForSavvaWinForms.csproj", "{DD8498E4-FA58-42E8-8A09-B9BE794D10E9}"
EndProject
Global
	GlobalSection(SolutionConfigurationPlatforms) = preSolution
		Debug|Any CPU = Debug|Any CPU
		Release|Any CPU = Release|Any CPU
	EndGlobalSection
	GlobalSection(ProjectConfigurationPlatforms) = postSolution
		{DD8498E4-FA58-42E8-8A09-B9BE794D10E9}.Debug|Any CPU.ActiveCfg = Debug|Any CPU
		{DD8498E4-FA58-42E8-8A09-B9BE794D10E9}.Debug|Any CPU.Build.0 = Debug|Any CPU
		{DD8498E4-FA58-42E8-8A09-B9BE794D10E9}.Release|Any CPU.ActiveCfg = Release|Any CPU
		{DD8498E4-FA58-42E8-8A09-B9BE794D10E9}.Release|Any CPU.Build.0 = Release|Any CPU
	EndGlobalSection
	GlobalSection(SolutionProperties) = preSolution
		HideSolutionNode = FALSE
	EndGlobalSection
	GlobalSection(ExtensibilityGlobals) = postSolution
		SolutionGuid = {76A50116-B981-42DC-8A44-A2E35CDF92D2}
	EndGlobalSection
EndGlobal
